
Microsoft Visual Studio Solution File, Format Version 12.00
# Visual Studio Version 17
VisualStudioVersion = 17.4.33213.308
MinimumVisualStudioVersion = 10.0.40219.1
Project("{FAE04EC0-301F-11D3-BF4B-00C04F79EFBC}") = "MVC_Assignment1", "MVC_Assignment1.csproj", "{E018543E-1907-4773-80F9-137FAD36C34F}"
EndProject
Global
	GlobalSection(SolutionConfigurationPlatforms) = preSolution
		Debug|Any CPU = Debug|Any CPU
		Release|Any CPU = Release|Any CPU
	EndGlobalSection
	GlobalSection(ProjectConfigurationPlatforms) = postSolution
		{E018543E-1907-4773-80F9-137FAD36C34F}.Debug|Any CPU.ActiveCfg = Debug|Any CPU
		{E018543E-1907-4773-80F9-137FAD36C34F}.Debug|Any CPU.Build.0 = Debug|Any CPU
		{E018543E-1907-4773-80F9-137FAD36C34F}.Release|Any CPU.ActiveCfg = Release|Any CPU
		{E018543E-1907-4773-80F9-137FAD36C34F}.Release|Any CPU.Build.0 = Release|Any CPU
	EndGlobalSection
	GlobalSection(SolutionProperties) = preSolution
		HideSolutionNode = FALSE
	EndGlobalSection
	GlobalSection(ExtensibilityGlobals) = postSolution
		SolutionGuid = {CACEA869-403E-4E2F-AEFD-3BF9148F8859}
	EndGlobalSection
EndGlobal
